
Microsoft Visual Studio Solution File, Format Version 12.00
# Visual Studio Version 16
VisualStudioVersion = 16.0.29519.87
MinimumVisualStudioVersion = 10.0.40219.1
Project("{FAE04EC0-301F-11D3-BF4B-00C04F79EFBC}") = "Chpt1_HelloWorld", "Chpt1_HelloWorld\Chpt1_HelloWorld.csproj", "{88831C15-374B-46F5-9220-5ABEB9498A93}"
EndProject
Global
	GlobalSection(SolutionConfigurationPlatforms) = preSolution
		Debug|Any CPU = Debug|Any CPU
		Release|Any CPU = Release|Any CPU
	EndGlobalSection
	GlobalSection(ProjectConfigurationPlatforms) = postSolution
		{88831C15-374B-46F5-9220-5ABEB9498A93}.Debug|Any CPU.ActiveCfg = Debug|Any CPU
		{88831C15-374B-46F5-9220-5ABEB9498A93}.Debug|Any CPU.Build.0 = Debug|Any CPU
		{88831C15-374B-46F5-9220-5ABEB9498A93}.Release|Any CPU.ActiveCfg = Release|Any CPU
		{88831C15-374B-46F5-9220-5ABEB9498A93}.Release|Any CPU.Build.0 = Release|Any CPU
	EndGlobalSection
	GlobalSection(SolutionProperties) = preSolution
		HideSolutionNode = FALSE
	EndGlobalSection
	GlobalSection(ExtensibilityGlobals) = postSolution
		SolutionGuid = {811FD717-34BB-4CBE-A483-AFD052E40F1C}
	EndGlobalSection
EndGlobal
